
Microsoft Visual Studio Solution File, Format Version 12.00
# Visual Studio 2012
Project("{FAE04EC0-301F-11D3-BF4B-00C04F79EFBC}") = "WordpressAuto", "WordpressAuto\WordpressAuto.csproj", "{C09913D6-EB84-4FA3-B5DE-D0C3F111E3B1}"
EndProject
Project("{FAE04EC0-301F-11D3-BF4B-00C04F79EFBC}") = "WordpressTests", "UnitTestProject1\WordpressTests.csproj", "{183F27C5-93D4-47EE-B106-31C2062B1F7A}"
EndProject
Global
	GlobalSection(SolutionConfigurationPlatforms) = preSolution
		Debug|Any CPU = Debug|Any CPU
		Release|Any CPU = Release|Any CPU
	EndGlobalSection
	GlobalSection(ProjectConfigurationPlatforms) = postSolution
		{C09913D6-EB84-4FA3-B5DE-D0C3F111E3B1}.Debug|Any CPU.ActiveCfg = Debug|Any CPU
		{C09913D6-EB84-4FA3-B5DE-D0C3F111E3B1}.Debug|Any CPU.Build.0 = Debug|Any CPU
		{C09913D6-EB84-4FA3-B5DE-D0C3F111E3B1}.Release|Any CPU.ActiveCfg = Release|Any CPU
		{C09913D6-EB84-4FA3-B5DE-D0C3F111E3B1}.Release|Any CPU.Build.0 = Release|Any CPU
		{183F27C5-93D4-47EE-B106-31C2062B1F7A}.Debug|Any CPU.ActiveCfg = Debug|Any CPU
		{183F27C5-93D4-47EE-B106-31C2062B1F7A}.Debug|Any CPU.Build.0 = Debug|Any CPU
		{183F27C5-93D4-47EE-B106-31C2062B1F7A}.Release|Any CPU.ActiveCfg = Release|Any CPU
		{183F27C5-93D4-47EE-B106-31C2062B1F7A}.Release|Any CPU.Build.0 = Release|Any CPU
	EndGlobalSection
	GlobalSection(SolutionProperties) = preSolution
		HideSolutionNode = FALSE
	EndGlobalSection
EndGlobal
